
Microsoft Visual Studio Solution File, Format Version 12.00
# Visual Studio 15
VisualStudioVersion = 15.0.26730.12
MinimumVisualStudioVersion = 10.0.40219.1
Project("{FAE04EC0-301F-11D3-BF4B-00C04F79EFBC}") = "Swift.DAL", "Swift.DAL\Swift.DAL.csproj", "{16B019A7-E97C-46F6-B29D-DC87673F0801}"
EndProject
Project("{FAE04EC0-301F-11D3-BF4B-00C04F79EFBC}") = "Swift.PLWeb", "Swift.PLWeb\Swift.PLWeb.csproj", "{27C2334F-F00C-49C1-ADED-22DB5642094A}"
EndProject
Project("{FAE04EC0-301F-11D3-BF4B-00C04F79EFBC}") = "Swift.Common", "Swift.Common\Swift.Common.csproj", "{7F573F2A-275C-46E6-AE12-68E40948497E}"
EndProject
Global
	GlobalSection(SolutionConfigurationPlatforms) = preSolution
		Debug|Any CPU = Debug|Any CPU
		Release|Any CPU = Release|Any CPU
	EndGlobalSection
	GlobalSection(ProjectConfigurationPlatforms) = postSolution
		{16B019A7-E97C-46F6-B29D-DC87673F0801}.Debug|Any CPU.ActiveCfg = Debug|Any CPU
		{16B019A7-E97C-46F6-B29D-DC87673F0801}.Debug|Any CPU.Build.0 = Debug|Any CPU
		{16B019A7-E97C-46F6-B29D-DC87673F0801}.Release|Any CPU.ActiveCfg = Release|Any CPU
		{16B019A7-E97C-46F6-B29D-DC87673F0801}.Release|Any CPU.Build.0 = Release|Any CPU
		{27C2334F-F00C-49C1-ADED-22DB5642094A}.Debug|Any CPU.ActiveCfg = Debug|Any CPU
		{27C2334F-F00C-49C1-ADED-22DB5642094A}.Debug|Any CPU.Build.0 = Debug|Any CPU
		{27C2334F-F00C-49C1-ADED-22DB5642094A}.Release|Any CPU.ActiveCfg = Release|Any CPU
		{27C2334F-F00C-49C1-ADED-22DB5642094A}.Release|Any CPU.Build.0 = Release|Any CPU
		{7F573F2A-275C-46E6-AE12-68E40948497E}.Debug|Any CPU.ActiveCfg = Debug|Any CPU
		{7F573F2A-275C-46E6-AE12-68E40948497E}.Debug|Any CPU.Build.0 = Debug|Any CPU
		{7F573F2A-275C-46E6-AE12-68E40948497E}.Release|Any CPU.ActiveCfg = Release|Any CPU
		{7F573F2A-275C-46E6-AE12-68E40948497E}.Release|Any CPU.Build.0 = Release|Any CPU
	EndGlobalSection
	GlobalSection(SolutionProperties) = preSolution
		HideSolutionNode = FALSE
	EndGlobalSection
	GlobalSection(ExtensibilityGlobals) = postSolution
		SolutionGuid = {2F738EA5-27CD-43C4-84D6-9EB01743970B}
	EndGlobalSection
EndGlobal
